// !$*UTF8*$!
{
	archiveVersion = 1;
	classes = {
	};
	objectVersion = 50;
	objects = {

/* Begin PBXFileReference section */
		2AFDBFB9261A4B5700059684 /* ESP8266-Websocket-GPIOSwitch-Server-SanatanDharma */ = {isa = PBXFileReference; lastKnownFileType = folder; path = "ESP8266-Websocket-GPIOSwitch-Server-SanatanDharma"; sourceTree = "<group>"; };
/* End PBXFileReference section */

/* Begin PBXGroup section */
		2AFDBFB2261A4B3000059684 = {
			isa = PBXGroup;
			children = (
				2AFDBFB9261A4B5700059684 /* ESP8266-Websocket-GPIOSwitch-Server-SanatanDharma */,
			);
			sourceTree = "<group>";
		};
/* End PBXGroup section */

/* Begin PBXProject section */
		2AFDBFB3261A4B3000059684 /* Project object */ = {
			isa = PBXProject;
			attributes = {
				LastUpgradeCheck = 1000;
			};
			buildConfigurationList = 2AFDBFB6261A4B3000059684 /* Build configuration list for PBXProject "ESP-GPIOSwitch" */;
			compatibilityVersion = "Xcode 9.3";
			developmentRegion = en;
			hasScannedForEncodings = 0;
			knownRegions = (
				en,
			);
			mainGroup = 2AFDBFB2261A4B3000059684;
			projectDirPath = "";
			projectRoot = "";
			targets = (
			);
		};
/* End PBXProject section */

/* Begin XCBuildConfiguration section */
		2AFDBFB7261A4B3000059684 /* Debug */ = {
			isa = XCBuildConfiguration;
			buildSettings = {
			};
			name = Debug;
		};
		2AFDBFB8261A4B3000059684 /* Release */ = {
			isa = XCBuildConfiguration;
			buildSettings = {
			};
			name = Release;
		};
/* End XCBuildConfiguration section */

/* Begin XCConfigurationList section */
		2AFDBFB6261A4B3000059684 /* Build configuration list for PBXProject "ESP-GPIOSwitch" */ = {
			isa = XCConfigurationList;
			buildConfigurations = (
				2AFDBFB7261A4B3000059684 /* Debug */,
				2AFDBFB8261A4B3000059684 /* Release */,
			);
			defaultConfigurationIsVisible = 0;
			defaultConfigurationName = Release;
		};
/* End XCConfigurationList section */
	};
	rootObject = 2AFDBFB3261A4B3000059684 /* Project object */;
}
